version: 1.0
shards:
  CrystalEmail:
    github: Nephos/CrystalEmail
    version: 0.2.3.1

  crouter:
    github: jreinert/crouter
    commit: 9ba35f152b52dce45a1f57304192996d3222959f

  jwt:
    github: greyblake/crystal-jwt
    version: 0.1.1

  pg:
    github: will/crystal-pg
    version: 0.8.0

  pool:
    github: ysbaddaden/pool
    version: 0.2.3

  power_assert:
    github: rosylilly/power_assert.cr
    commit: 7f2d946078a5a678f12bc46c36f71f98ad10a153

  redis:
    github: stefanwille/crystal-redis
    version: 1.6.5

  slang:
    github: jeromegn/slang
    version: 1.3.1

  spec2:
    github: waterlink/spec2.cr
    version: 0.9.0

