version: 1.0
shards:
  CrystalEmail:
    github: Nephos/CrystalEmail
    commit: db353447e731dc01928f767c985417a1bec4cf3d

  crouter:
    github: jreinert/crouter
    commit: 8a160545ee01a3658f6ecb8fb9bc442171c38445

  jwt:
    github: greyblake/crystal-jwt
    version: 0.2.1

  multipart:
    github: RX14/multipart.cr
    version: 0.1.1

  pg:
    github: will/crystal-pg
    version: 0.11.0

  pool:
    github: ysbaddaden/pool
    version: 0.2.3

  redis:
    github: stefanwille/crystal-redis
    version: 1.6.7

  slang:
    github: jeromegn/slang
    commit: 0a89a48dc58a550a2b4a12a7fba8030e94b8717f

  spec2:
    github: waterlink/spec2.cr
    version: 0.9.0

