version: 1.0
shards:
  CrystalEmail:
    github: Nephos/CrystalEmail
    commit: 9840d05a2f625945fcd96f050e2a0da518cf46a2

  crouter:
    github: jreinert/crouter
    commit: 982f0986f9ceb6203742df475066c7ed9da8584c

  jwt:
    github: greyblake/crystal-jwt
    version: 0.2.2

  multipart:
    github: RX14/multipart.cr
    version: 0.1.2

  pg:
    github: will/crystal-pg
    version: 0.11.0

  pool:
    github: ysbaddaden/pool
    version: 0.2.3

  redis:
    github: stefanwille/crystal-redis
    version: 1.6.7

  slang:
    github: jeromegn/slang
    commit: 6f8c5b226758faf73575d02b67a8010f8e10a0ab

  spec2:
    github: waterlink/spec2.cr
    commit: ce82b409798d50eaa8f77281b814b1c903264059

